
Microsoft Visual Studio Solution File, Format Version 12.00
# Visual Studio Version 17
VisualStudioVersion = 17.5.002.0
MinimumVisualStudioVersion = 10.0.40219.1
Project("{9A19103F-16F7-4668-BE54-9A1E7A4F7556}") = "EuSouGroot", "EuSouGroot.csproj", "{B546B3E7-7606-4AD8-B0B3-2B95E1754515}"
EndProject
Global
	GlobalSection(SolutionConfigurationPlatforms) = preSolution
		Debug|Any CPU = Debug|Any CPU
		Release|Any CPU = Release|Any CPU
	EndGlobalSection
	GlobalSection(ProjectConfigurationPlatforms) = postSolution
		{B546B3E7-7606-4AD8-B0B3-2B95E1754515}.Debug|Any CPU.ActiveCfg = Debug|Any CPU
		{B546B3E7-7606-4AD8-B0B3-2B95E1754515}.Debug|Any CPU.Build.0 = Debug|Any CPU
		{B546B3E7-7606-4AD8-B0B3-2B95E1754515}.Release|Any CPU.ActiveCfg = Release|Any CPU
		{B546B3E7-7606-4AD8-B0B3-2B95E1754515}.Release|Any CPU.Build.0 = Release|Any CPU
	EndGlobalSection
	GlobalSection(SolutionProperties) = preSolution
		HideSolutionNode = FALSE
	EndGlobalSection
	GlobalSection(ExtensibilityGlobals) = postSolution
		SolutionGuid = {C609EFA9-8B37-4934-BAF5-946C913427F4}
	EndGlobalSection
EndGlobal
